// !$*UTF8*$!
{
	archiveVersion = 1;
	classes = {
	};
	objectVersion = 50;
	objects = {

/* Begin PBXBuildFile section */
		9592064486DCB44C35B1795F /* Pods_RevolutTestTests.framework in Frameworks */ = {isa = PBXBuildFile; fileRef = 739B16396E0995F794DCBFF5 /* Pods_RevolutTestTests.framework */; };
		9C36A9E277760DE026E047C3 /* Pods_RevolutTest.framework in Frameworks */ = {isa = PBXBuildFile; fileRef = A431B942132516E2B907C0FF /* Pods_RevolutTest.framework */; };
		BB365A2421E0FDDD00152F04 /* AppDelegate.swift in Sources */ = {isa = PBXBuildFile; fileRef = BB365A2321E0FDDD00152F04 /* AppDelegate.swift */; };
		BB365A2621E0FDDD00152F04 /* CurrenciesViewController.swift in Sources */ = {isa = PBXBuildFile; fileRef = BB365A2521E0FDDD00152F04 /* CurrenciesViewController.swift */; };
		BB365A2B21E0FDE000152F04 /* Assets.xcassets in Resources */ = {isa = PBXBuildFile; fileRef = BB365A2A21E0FDE000152F04 /* Assets.xcassets */; };
		BB365A2E21E0FDE000152F04 /* LaunchScreen.storyboard in Resources */ = {isa = PBXBuildFile; fileRef = BB365A2C21E0FDE000152F04 /* LaunchScreen.storyboard */; };
		BB365A3921E0FDE000152F04 /* RevolutTestTests.swift in Sources */ = {isa = PBXBuildFile; fileRef = BB365A3821E0FDE000152F04 /* RevolutTestTests.swift */; };
		BB365A5021E1365B00152F04 /* NetworkClient.swift in Sources */ = {isa = PBXBuildFile; fileRef = BB365A4F21E1365B00152F04 /* NetworkClient.swift */; };
		BB365A5221E1385D00152F04 /* NetworkClientImplementation.swift in Sources */ = {isa = PBXBuildFile; fileRef = BB365A5121E1385D00152F04 /* NetworkClientImplementation.swift */; };
		BB365A5421E1537200152F04 /* Result.swift in Sources */ = {isa = PBXBuildFile; fileRef = BB365A5321E1537200152F04 /* Result.swift */; };
		BB71CF2921E22D2800188EF6 /* DownloadCurrencies.swift in Sources */ = {isa = PBXBuildFile; fileRef = BB71CF2821E22D2800188EF6 /* DownloadCurrencies.swift */; };
		BB71CF2B21E22D5A00188EF6 /* DownloadCurrenciesImplementation.swift in Sources */ = {isa = PBXBuildFile; fileRef = BB71CF2A21E22D5A00188EF6 /* DownloadCurrenciesImplementation.swift */; };
		BB71CF2D21E2316F00188EF6 /* CurrenciesModel.swift in Sources */ = {isa = PBXBuildFile; fileRef = BB71CF2C21E2316F00188EF6 /* CurrenciesModel.swift */; };
		BB71CF3021E2340B00188EF6 /* RequestConstructor.swift in Sources */ = {isa = PBXBuildFile; fileRef = BB71CF2F21E2340B00188EF6 /* RequestConstructor.swift */; };
		BB71CF3221E2381200188EF6 /* RequestConstructorImplementation.swift in Sources */ = {isa = PBXBuildFile; fileRef = BB71CF3121E2381200188EF6 /* RequestConstructorImplementation.swift */; };
		BB71CF3421E255FF00188EF6 /* CurrenciesViewModel.swift in Sources */ = {isa = PBXBuildFile; fileRef = BB71CF3321E255FF00188EF6 /* CurrenciesViewModel.swift */; };
		BB71CF3621E269D100188EF6 /* CurrenciesCellViewModel.swift in Sources */ = {isa = PBXBuildFile; fileRef = BB71CF3521E269D100188EF6 /* CurrenciesCellViewModel.swift */; };
		BB71CF3A21E26BC300188EF6 /* CurrenciesTableViewCell.swift in Sources */ = {isa = PBXBuildFile; fileRef = BB71CF3921E26BC300188EF6 /* CurrenciesTableViewCell.swift */; };
		BB71CF3E21E2834200188EF6 /* Setupable.swift in Sources */ = {isa = PBXBuildFile; fileRef = BB71CF3D21E2834200188EF6 /* Setupable.swift */; };
		BBC2D55621E37204001ECBDE /* CountryCurrencyModel.swift in Sources */ = {isa = PBXBuildFile; fileRef = BBC2D55521E37204001ECBDE /* CountryCurrencyModel.swift */; };
		BBC2D55921E376BC001ECBDE /* CountriesDataSource.swift in Sources */ = {isa = PBXBuildFile; fileRef = BBC2D55821E376BC001ECBDE /* CountriesDataSource.swift */; };
		BBC2D55C21E3B027001ECBDE /* UnderscoreTextField.swift in Sources */ = {isa = PBXBuildFile; fileRef = BBC2D55B21E3B027001ECBDE /* UnderscoreTextField.swift */; };
		BBC2D55E21E3F24F001ECBDE /* CurrenciesStateChangeDelegate.swift in Sources */ = {isa = PBXBuildFile; fileRef = BBC2D55D21E3F24E001ECBDE /* CurrenciesStateChangeDelegate.swift */; };
		BBC2D56021E4017A001ECBDE /* CurrencyCellObserver.swift in Sources */ = {isa = PBXBuildFile; fileRef = BBC2D55F21E4017A001ECBDE /* CurrencyCellObserver.swift */; };
		BBDFAFBC21F11AD700CAA814 /* NetworkOperations.swift in Sources */ = {isa = PBXBuildFile; fileRef = BBDFAFBB21F11AD700CAA814 /* NetworkOperations.swift */; };
		BBDFAFBE21F37AA100CAA814 /* AbbreviationArraySort.swift in Sources */ = {isa = PBXBuildFile; fileRef = BBDFAFBD21F37AA100CAA814 /* AbbreviationArraySort.swift */; };
		BBDFAFC021F380F700CAA814 /* DataSource.swift in Sources */ = {isa = PBXBuildFile; fileRef = BBDFAFBF21F380F700CAA814 /* DataSource.swift */; };
/* End PBXBuildFile section */

/* Begin PBXContainerItemProxy section */
		BB365A3521E0FDE000152F04 /* PBXContainerItemProxy */ = {
			isa = PBXContainerItemProxy;
			containerPortal = BB365A1821E0FDDD00152F04 /* Project object */;
			proxyType = 1;
			remoteGlobalIDString = BB365A1F21E0FDDD00152F04;
			remoteInfo = RevolutTest;
		};
/* End PBXContainerItemProxy section */

/* Begin PBXFileReference section */
		06249B37E4E119E6324ED3B1 /* Pods-RevolutTest.release.xcconfig */ = {isa = PBXFileReference; includeInIndex = 1; lastKnownFileType = text.xcconfig; name = "Pods-RevolutTest.release.xcconfig"; path = "Pods/Target Support Files/Pods-RevolutTest/Pods-RevolutTest.release.xcconfig"; sourceTree = "<group>"; };
		45B8CBDB6372D340C99044F4 /* Pods-RevolutTest.debug.xcconfig */ = {isa = PBXFileReference; includeInIndex = 1; lastKnownFileType = text.xcconfig; name = "Pods-RevolutTest.debug.xcconfig"; path = "Pods/Target Support Files/Pods-RevolutTest/Pods-RevolutTest.debug.xcconfig"; sourceTree = "<group>"; };
		703E3C7858DFEFDECC4DA144 /* Pods-RevolutTestTests.debug.xcconfig */ = {isa = PBXFileReference; includeInIndex = 1; lastKnownFileType = text.xcconfig; name = "Pods-RevolutTestTests.debug.xcconfig"; path = "Pods/Target Support Files/Pods-RevolutTestTests/Pods-RevolutTestTests.debug.xcconfig"; sourceTree = "<group>"; };
		739B16396E0995F794DCBFF5 /* Pods_RevolutTestTests.framework */ = {isa = PBXFileReference; explicitFileType = wrapper.framework; includeInIndex = 0; path = Pods_RevolutTestTests.framework; sourceTree = BUILT_PRODUCTS_DIR; };
		8DCAD3D79C0E59A033443488 /* Pods-RevolutTestTests.release.xcconfig */ = {isa = PBXFileReference; includeInIndex = 1; lastKnownFileType = text.xcconfig; name = "Pods-RevolutTestTests.release.xcconfig"; path = "Pods/Target Support Files/Pods-RevolutTestTests/Pods-RevolutTestTests.release.xcconfig"; sourceTree = "<group>"; };
		A431B942132516E2B907C0FF /* Pods_RevolutTest.framework */ = {isa = PBXFileReference; explicitFileType = wrapper.framework; includeInIndex = 0; path = Pods_RevolutTest.framework; sourceTree = BUILT_PRODUCTS_DIR; };
		BB365A2021E0FDDD00152F04 /* RevolutTest.app */ = {isa = PBXFileReference; explicitFileType = wrapper.application; includeInIndex = 0; path = RevolutTest.app; sourceTree = BUILT_PRODUCTS_DIR; };
		BB365A2321E0FDDD00152F04 /* AppDelegate.swift */ = {isa = PBXFileReference; lastKnownFileType = sourcecode.swift; path = AppDelegate.swift; sourceTree = "<group>"; };
		BB365A2521E0FDDD00152F04 /* CurrenciesViewController.swift */ = {isa = PBXFileReference; lastKnownFileType = sourcecode.swift; path = CurrenciesViewController.swift; sourceTree = "<group>"; };
		BB365A2A21E0FDE000152F04 /* Assets.xcassets */ = {isa = PBXFileReference; lastKnownFileType = folder.assetcatalog; path = Assets.xcassets; sourceTree = "<group>"; };
		BB365A2D21E0FDE000152F04 /* Base */ = {isa = PBXFileReference; lastKnownFileType = file.storyboard; name = Base; path = Base.lproj/LaunchScreen.storyboard; sourceTree = "<group>"; };
		BB365A2F21E0FDE000152F04 /* Info.plist */ = {isa = PBXFileReference; lastKnownFileType = text.plist.xml; path = Info.plist; sourceTree = "<group>"; };
		BB365A3421E0FDE000152F04 /* RevolutTestTests.xctest */ = {isa = PBXFileReference; explicitFileType = wrapper.cfbundle; includeInIndex = 0; path = RevolutTestTests.xctest; sourceTree = BUILT_PRODUCTS_DIR; };
		BB365A3821E0FDE000152F04 /* RevolutTestTests.swift */ = {isa = PBXFileReference; lastKnownFileType = sourcecode.swift; path = RevolutTestTests.swift; sourceTree = "<group>"; };
		BB365A3A21E0FDE000152F04 /* Info.plist */ = {isa = PBXFileReference; lastKnownFileType = text.plist.xml; path = Info.plist; sourceTree = "<group>"; };
		BB365A4F21E1365B00152F04 /* NetworkClient.swift */ = {isa = PBXFileReference; lastKnownFileType = sourcecode.swift; path = NetworkClient.swift; sourceTree = "<group>"; };
		BB365A5121E1385D00152F04 /* NetworkClientImplementation.swift */ = {isa = PBXFileReference; lastKnownFileType = sourcecode.swift; path = NetworkClientImplementation.swift; sourceTree = "<group>"; };
		BB365A5321E1537200152F04 /* Result.swift */ = {isa = PBXFileReference; lastKnownFileType = sourcecode.swift; path = Result.swift; sourceTree = "<group>"; };
		BB71CF2821E22D2800188EF6 /* DownloadCurrencies.swift */ = {isa = PBXFileReference; lastKnownFileType = sourcecode.swift; path = DownloadCurrencies.swift; sourceTree = "<group>"; };
		BB71CF2A21E22D5A00188EF6 /* DownloadCurrenciesImplementation.swift */ = {isa = PBXFileReference; lastKnownFileType = sourcecode.swift; path = DownloadCurrenciesImplementation.swift; sourceTree = "<group>"; };
		BB71CF2C21E2316F00188EF6 /* CurrenciesModel.swift */ = {isa = PBXFileReference; lastKnownFileType = sourcecode.swift; path = CurrenciesModel.swift; sourceTree = "<group>"; };
		BB71CF2F21E2340B00188EF6 /* RequestConstructor.swift */ = {isa = PBXFileReference; lastKnownFileType = sourcecode.swift; path = RequestConstructor.swift; sourceTree = "<group>"; };
		BB71CF3121E2381200188EF6 /* RequestConstructorImplementation.swift */ = {isa = PBXFileReference; lastKnownFileType = sourcecode.swift; path = RequestConstructorImplementation.swift; sourceTree = "<group>"; };
		BB71CF3321E255FF00188EF6 /* CurrenciesViewModel.swift */ = {isa = PBXFileReference; lastKnownFileType = sourcecode.swift; path = CurrenciesViewModel.swift; sourceTree = "<group>"; };
		BB71CF3521E269D100188EF6 /* CurrenciesCellViewModel.swift */ = {isa = PBXFileReference; lastKnownFileType = sourcecode.swift; path = CurrenciesCellViewModel.swift; sourceTree = "<group>"; };
		BB71CF3921E26BC300188EF6 /* CurrenciesTableViewCell.swift */ = {isa = PBXFileReference; lastKnownFileType = sourcecode.swift; path = CurrenciesTableViewCell.swift; sourceTree = "<group>"; };
		BB71CF3D21E2834200188EF6 /* Setupable.swift */ = {isa = PBXFileReference; lastKnownFileType = sourcecode.swift; path = Setupable.swift; sourceTree = "<group>"; };
		BBC2D55521E37204001ECBDE /* CountryCurrencyModel.swift */ = {isa = PBXFileReference; lastKnownFileType = sourcecode.swift; path = CountryCurrencyModel.swift; sourceTree = "<group>"; };
		BBC2D55821E376BC001ECBDE /* CountriesDataSource.swift */ = {isa = PBXFileReference; lastKnownFileType = sourcecode.swift; path = CountriesDataSource.swift; sourceTree = "<group>"; };
		BBC2D55B21E3B027001ECBDE /* UnderscoreTextField.swift */ = {isa = PBXFileReference; lastKnownFileType = sourcecode.swift; path = UnderscoreTextField.swift; sourceTree = "<group>"; };
		BBC2D55D21E3F24E001ECBDE /* CurrenciesStateChangeDelegate.swift */ = {isa = PBXFileReference; lastKnownFileType = sourcecode.swift; path = CurrenciesStateChangeDelegate.swift; sourceTree = "<group>"; };
		BBC2D55F21E4017A001ECBDE /* CurrencyCellObserver.swift */ = {isa = PBXFileReference; lastKnownFileType = sourcecode.swift; path = CurrencyCellObserver.swift; sourceTree = "<group>"; };
		BBDFAFBB21F11AD700CAA814 /* NetworkOperations.swift */ = {isa = PBXFileReference; lastKnownFileType = sourcecode.swift; path = NetworkOperations.swift; sourceTree = "<group>"; };
		BBDFAFBD21F37AA100CAA814 /* AbbreviationArraySort.swift */ = {isa = PBXFileReference; lastKnownFileType = sourcecode.swift; path = AbbreviationArraySort.swift; sourceTree = "<group>"; };
		BBDFAFBF21F380F700CAA814 /* DataSource.swift */ = {isa = PBXFileReference; lastKnownFileType = sourcecode.swift; path = DataSource.swift; sourceTree = "<group>"; };
/* End PBXFileReference section */

/* Begin PBXFrameworksBuildPhase section */
		BB365A1D21E0FDDD00152F04 /* Frameworks */ = {
			isa = PBXFrameworksBuildPhase;
			buildActionMask = 2147483647;
			files = (
				9C36A9E277760DE026E047C3 /* Pods_RevolutTest.framework in Frameworks */,
			);
			runOnlyForDeploymentPostprocessing = 0;
		};
		BB365A3121E0FDE000152F04 /* Frameworks */ = {
			isa = PBXFrameworksBuildPhase;
			buildActionMask = 2147483647;
			files = (
				9592064486DCB44C35B1795F /* Pods_RevolutTestTests.framework in Frameworks */,
			);
			runOnlyForDeploymentPostprocessing = 0;
		};
/* End PBXFrameworksBuildPhase section */

/* Begin PBXGroup section */
		03A289CAFD77468AEB9A1175 /* Frameworks */ = {
			isa = PBXGroup;
			children = (
				A431B942132516E2B907C0FF /* Pods_RevolutTest.framework */,
				739B16396E0995F794DCBFF5 /* Pods_RevolutTestTests.framework */,
			);
			name = Frameworks;
			sourceTree = "<group>";
		};
		9DEAD9985E6A7D38856ABBA6 /* Pods */ = {
			isa = PBXGroup;
			children = (
				45B8CBDB6372D340C99044F4 /* Pods-RevolutTest.debug.xcconfig */,
				06249B37E4E119E6324ED3B1 /* Pods-RevolutTest.release.xcconfig */,
				703E3C7858DFEFDECC4DA144 /* Pods-RevolutTestTests.debug.xcconfig */,
				8DCAD3D79C0E59A033443488 /* Pods-RevolutTestTests.release.xcconfig */,
			);
			name = Pods;
			sourceTree = "<group>";
		};
		BB365A1721E0FDDD00152F04 = {
			isa = PBXGroup;
			children = (
				BB365A2221E0FDDD00152F04 /* RevolutTest */,
				BB365A3721E0FDE000152F04 /* RevolutTestTests */,
				BB365A2121E0FDDD00152F04 /* Products */,
				9DEAD9985E6A7D38856ABBA6 /* Pods */,
				03A289CAFD77468AEB9A1175 /* Frameworks */,
			);
			sourceTree = "<group>";
		};
		BB365A2121E0FDDD00152F04 /* Products */ = {
			isa = PBXGroup;
			children = (
				BB365A2021E0FDDD00152F04 /* RevolutTest.app */,
				BB365A3421E0FDE000152F04 /* RevolutTestTests.xctest */,
			);
			name = Products;
			sourceTree = "<group>";
		};
		BB365A2221E0FDDD00152F04 /* RevolutTest */ = {
			isa = PBXGroup;
			children = (
				BB365A4421E11E8E00152F04 /* Recources */,
				BB365A4321E11E7C00152F04 /* Sources */,
			);
			path = RevolutTest;
			sourceTree = "<group>";
		};
		BB365A3721E0FDE000152F04 /* RevolutTestTests */ = {
			isa = PBXGroup;
			children = (
				BB365A3821E0FDE000152F04 /* RevolutTestTests.swift */,
				BB365A3A21E0FDE000152F04 /* Info.plist */,
			);
			path = RevolutTestTests;
			sourceTree = "<group>";
		};
		BB365A4321E11E7C00152F04 /* Sources */ = {
			isa = PBXGroup;
			children = (
				BB71CF3B21E2826E00188EF6 /* Common */,
				BB365A4A21E133FB00152F04 /* Core */,
				BB365A4921E133E500152F04 /* Services */,
				BB365A4721E1334600152F04 /* Modules */,
			);
			path = Sources;
			sourceTree = "<group>";
		};
		BB365A4421E11E8E00152F04 /* Recources */ = {
			isa = PBXGroup;
			children = (
				BB365A4521E11EB800152F04 /* AppDelegate */,
				BB365A2F21E0FDE000152F04 /* Info.plist */,
				BB365A2A21E0FDE000152F04 /* Assets.xcassets */,
				BB365A2C21E0FDE000152F04 /* LaunchScreen.storyboard */,
			);
			path = Recources;
			sourceTree = "<group>";
		};
		BB365A4521E11EB800152F04 /* AppDelegate */ = {
			isa = PBXGroup;
			children = (
				BB365A2321E0FDDD00152F04 /* AppDelegate.swift */,
			);
			path = AppDelegate;
			sourceTree = "<group>";
		};
		BB365A4721E1334600152F04 /* Modules */ = {
			isa = PBXGroup;
			children = (
				BB365A4821E1334D00152F04 /* Currencies */,
			);
			path = Modules;
			sourceTree = "<group>";
		};
		BB365A4821E1334D00152F04 /* Currencies */ = {
			isa = PBXGroup;
			children = (
				BBC2D55721E37677001ECBDE /* Composition */,
				BB365A4D21E1343200152F04 /* Model */,
				BB365A4C21E1342400152F04 /* ViewModel */,
				BB365A4B21E1341D00152F04 /* View */,
			);
			path = Currencies;
			sourceTree = "<group>";
		};
		BB365A4921E133E500152F04 /* Services */ = {
			isa = PBXGroup;
			children = (
				BB71CF2E21E233CB00188EF6 /* RequestConstructor */,
				BB71CF2721E22CFD00188EF6 /* DownloadCurrencies */,
			);
			path = Services;
			sourceTree = "<group>";
		};
		BB365A4A21E133FB00152F04 /* Core */ = {
			isa = PBXGroup;
			children = (
				BB365A4E21E1362600152F04 /* NetworkClient */,
			);
			path = Core;
			sourceTree = "<group>";
		};
		BB365A4B21E1341D00152F04 /* View */ = {
			isa = PBXGroup;
			children = (
				BB365A2521E0FDDD00152F04 /* CurrenciesViewController.swift */,
				BB71CF3921E26BC300188EF6 /* CurrenciesTableViewCell.swift */,
			);
			path = View;
			sourceTree = "<group>";
		};
		BB365A4C21E1342400152F04 /* ViewModel */ = {
			isa = PBXGroup;
			children = (
				BB71CF3321E255FF00188EF6 /* CurrenciesViewModel.swift */,
				BBC2D55D21E3F24E001ECBDE /* CurrenciesStateChangeDelegate.swift */,
			);
			path = ViewModel;
			sourceTree = "<group>";
		};
		BB365A4D21E1343200152F04 /* Model */ = {
			isa = PBXGroup;
			children = (
				BB71CF2C21E2316F00188EF6 /* CurrenciesModel.swift */,
				BB71CF3521E269D100188EF6 /* CurrenciesCellViewModel.swift */,
				BBC2D55521E37204001ECBDE /* CountryCurrencyModel.swift */,
			);
			path = Model;
			sourceTree = "<group>";
		};
		BB365A4E21E1362600152F04 /* NetworkClient */ = {
			isa = PBXGroup;
			children = (
				BB365A4F21E1365B00152F04 /* NetworkClient.swift */,
				BB365A5121E1385D00152F04 /* NetworkClientImplementation.swift */,
				BB365A5321E1537200152F04 /* Result.swift */,
			);
			path = NetworkClient;
			sourceTree = "<group>";
		};
		BB71CF2721E22CFD00188EF6 /* DownloadCurrencies */ = {
			isa = PBXGroup;
			children = (
				BB71CF2821E22D2800188EF6 /* DownloadCurrencies.swift */,
				BB71CF2A21E22D5A00188EF6 /* DownloadCurrenciesImplementation.swift */,
			);
			path = DownloadCurrencies;
			sourceTree = "<group>";
		};
		BB71CF2E21E233CB00188EF6 /* RequestConstructor */ = {
			isa = PBXGroup;
			children = (
				BB71CF2F21E2340B00188EF6 /* RequestConstructor.swift */,
				BB71CF3121E2381200188EF6 /* RequestConstructorImplementation.swift */,
			);
			path = RequestConstructor;
			sourceTree = "<group>";
		};
		BB71CF3B21E2826E00188EF6 /* Common */ = {
			isa = PBXGroup;
			children = (
				BBC2D55A21E3AFF4001ECBDE /* View */,
				BB71CF3C21E2828300188EF6 /* Protocols */,
			);
			path = Common;
			sourceTree = "<group>";
		};
		BB71CF3C21E2828300188EF6 /* Protocols */ = {
			isa = PBXGroup;
			children = (
				BB71CF3D21E2834200188EF6 /* Setupable.swift */,
				BBC2D55F21E4017A001ECBDE /* CurrencyCellObserver.swift */,
			);
			path = Protocols;
			sourceTree = "<group>";
		};
		BBC2D55721E37677001ECBDE /* Composition */ = {
			isa = PBXGroup;
			children = (
				BBC2D55821E376BC001ECBDE /* CountriesDataSource.swift */,
				BBDFAFBB21F11AD700CAA814 /* NetworkOperations.swift */,
				BBDFAFBD21F37AA100CAA814 /* AbbreviationArraySort.swift */,
				BBDFAFBF21F380F700CAA814 /* DataSource.swift */,
			);
			path = Composition;
			sourceTree = "<group>";
		};
		BBC2D55A21E3AFF4001ECBDE /* View */ = {
			isa = PBXGroup;
			children = (
				BBC2D55B21E3B027001ECBDE /* UnderscoreTextField.swift */,
			);
			path = View;
			sourceTree = "<group>";
		};
/* End PBXGroup section */

/* Begin PBXNativeTarget section */
		BB365A1F21E0FDDD00152F04 /* RevolutTest */ = {
			isa = PBXNativeTarget;
			buildConfigurationList = BB365A3D21E0FDE000152F04 /* Build configuration list for PBXNativeTarget "RevolutTest" */;
			buildPhases = (
				BDD22B472CFB18A2AA2802CF /* [CP] Check Pods Manifest.lock */,
				BB365A1C21E0FDDD00152F04 /* Sources */,
				BB365A1D21E0FDDD00152F04 /* Frameworks */,
				BB365A1E21E0FDDD00152F04 /* Resources */,
			);
			buildRules = (
			);
			dependencies = (
			);
			name = RevolutTest;
			productName = RevolutTest;
			productReference = BB365A2021E0FDDD00152F04 /* RevolutTest.app */;
			productType = "com.apple.product-type.application";
		};
		BB365A3321E0FDE000152F04 /* RevolutTestTests */ = {
			isa = PBXNativeTarget;
			buildConfigurationList = BB365A4021E0FDE000152F04 /* Build configuration list for PBXNativeTarget "RevolutTestTests" */;
			buildPhases = (
				954E891CC736A772F59723C2 /* [CP] Check Pods Manifest.lock */,
				BB365A3021E0FDE000152F04 /* Sources */,
				BB365A3121E0FDE000152F04 /* Frameworks */,
				BB365A3221E0FDE000152F04 /* Resources */,
			);
			buildRules = (
			);
			dependencies = (
				BB365A3621E0FDE000152F04 /* PBXTargetDependency */,
			);
			name = RevolutTestTests;
			productName = RevolutTestTests;
			productReference = BB365A3421E0FDE000152F04 /* RevolutTestTests.xctest */;
			productType = "com.apple.product-type.bundle.unit-test";
		};
/* End PBXNativeTarget section */

/* Begin PBXProject section */
		BB365A1821E0FDDD00152F04 /* Project object */ = {
			isa = PBXProject;
			attributes = {
				LastSwiftUpdateCheck = 1010;
				LastUpgradeCheck = 1010;
				ORGANIZATIONNAME = "Gregory Oberemkov";
				TargetAttributes = {
					BB365A1F21E0FDDD00152F04 = {
						CreatedOnToolsVersion = 10.1;
					};
					BB365A3321E0FDE000152F04 = {
						CreatedOnToolsVersion = 10.1;
						TestTargetID = BB365A1F21E0FDDD00152F04;
					};
				};
			};
			buildConfigurationList = BB365A1B21E0FDDD00152F04 /* Build configuration list for PBXProject "RevolutTest" */;
			compatibilityVersion = "Xcode 9.3";
			developmentRegion = en;
			hasScannedForEncodings = 0;
			knownRegions = (
				en,
				Base,
			);
			mainGroup = BB365A1721E0FDDD00152F04;
			productRefGroup = BB365A2121E0FDDD00152F04 /* Products */;
			projectDirPath = "";
			projectRoot = "";
			targets = (
				BB365A1F21E0FDDD00152F04 /* RevolutTest */,
				BB365A3321E0FDE000152F04 /* RevolutTestTests */,
			);
		};
/* End PBXProject section */

/* Begin PBXResourcesBuildPhase section */
		BB365A1E21E0FDDD00152F04 /* Resources */ = {
			isa = PBXResourcesBuildPhase;
			buildActionMask = 2147483647;
			files = (
				BB365A2E21E0FDE000152F04 /* LaunchScreen.storyboard in Resources */,
				BB365A2B21E0FDE000152F04 /* Assets.xcassets in Resources */,
			);
			runOnlyForDeploymentPostprocessing = 0;
		};
		BB365A3221E0FDE000152F04 /* Resources */ = {
			isa = PBXResourcesBuildPhase;
			buildActionMask = 2147483647;
			files = (
			);
			runOnlyForDeploymentPostprocessing = 0;
		};
/* End PBXResourcesBuildPhase section */

/* Begin PBXShellScriptBuildPhase section */
		954E891CC736A772F59723C2 /* [CP] Check Pods Manifest.lock */ = {
			isa = PBXShellScriptBuildPhase;
			buildActionMask = 2147483647;
			files = (
			);
			inputFileListPaths = (
			);
			inputPaths = (
				"${PODS_PODFILE_DIR_PATH}/Podfile.lock",
				"${PODS_ROOT}/Manifest.lock",
			);
			name = "[CP] Check Pods Manifest.lock";
			outputFileListPaths = (
			);
			outputPaths = (
				"$(DERIVED_FILE_DIR)/Pods-RevolutTestTests-checkManifestLockResult.txt",
			);
			runOnlyForDeploymentPostprocessing = 0;
			shellPath = /bin/sh;
			shellScript = "diff \"${PODS_PODFILE_DIR_PATH}/Podfile.lock\" \"${PODS_ROOT}/Manifest.lock\" > /dev/null\nif [ $? != 0 ] ; then\n    # print error to STDERR\n    echo \"error: The sandbox is not in sync with the Podfile.lock. Run 'pod install' or update your CocoaPods installation.\" >&2\n    exit 1\nfi\n# This output is used by Xcode 'outputs' to avoid re-running this script phase.\necho \"SUCCESS\" > \"${SCRIPT_OUTPUT_FILE_0}\"\n";
			showEnvVarsInLog = 0;
		};
		BDD22B472CFB18A2AA2802CF /* [CP] Check Pods Manifest.lock */ = {
			isa = PBXShellScriptBuildPhase;
			buildActionMask = 2147483647;
			files = (
			);
			inputFileListPaths = (
			);
			inputPaths = (
				"${PODS_PODFILE_DIR_PATH}/Podfile.lock",
				"${PODS_ROOT}/Manifest.lock",
			);
			name = "[CP] Check Pods Manifest.lock";
			outputFileListPaths = (
			);
			outputPaths = (
				"$(DERIVED_FILE_DIR)/Pods-RevolutTest-checkManifestLockResult.txt",
			);
			runOnlyForDeploymentPostprocessing = 0;
			shellPath = /bin/sh;
			shellScript = "diff \"${PODS_PODFILE_DIR_PATH}/Podfile.lock\" \"${PODS_ROOT}/Manifest.lock\" > /dev/null\nif [ $? != 0 ] ; then\n    # print error to STDERR\n    echo \"error: The sandbox is not in sync with the Podfile.lock. Run 'pod install' or update your CocoaPods installation.\" >&2\n    exit 1\nfi\n# This output is used by Xcode 'outputs' to avoid re-running this script phase.\necho \"SUCCESS\" > \"${SCRIPT_OUTPUT_FILE_0}\"\n";
			showEnvVarsInLog = 0;
		};
/* End PBXShellScriptBuildPhase section */

/* Begin PBXSourcesBuildPhase section */
		BB365A1C21E0FDDD00152F04 /* Sources */ = {
			isa = PBXSourcesBuildPhase;
			buildActionMask = 2147483647;
			files = (
				BB71CF3021E2340B00188EF6 /* RequestConstructor.swift in Sources */,
				BB365A2621E0FDDD00152F04 /* CurrenciesViewController.swift in Sources */,
				BB365A5421E1537200152F04 /* Result.swift in Sources */,
				BBC2D55C21E3B027001ECBDE /* UnderscoreTextField.swift in Sources */,
				BB71CF3621E269D100188EF6 /* CurrenciesCellViewModel.swift in Sources */,
				BB365A5221E1385D00152F04 /* NetworkClientImplementation.swift in Sources */,
				BB71CF3A21E26BC300188EF6 /* CurrenciesTableViewCell.swift in Sources */,
				BB71CF3421E255FF00188EF6 /* CurrenciesViewModel.swift in Sources */,
				BB365A2421E0FDDD00152F04 /* AppDelegate.swift in Sources */,
				BBC2D56021E4017A001ECBDE /* CurrencyCellObserver.swift in Sources */,
				BB71CF2D21E2316F00188EF6 /* CurrenciesModel.swift in Sources */,
				BBC2D55621E37204001ECBDE /* CountryCurrencyModel.swift in Sources */,
				BBC2D55E21E3F24F001ECBDE /* CurrenciesStateChangeDelegate.swift in Sources */,
				BB71CF3E21E2834200188EF6 /* Setupable.swift in Sources */,
				BBDFAFBE21F37AA100CAA814 /* AbbreviationArraySort.swift in Sources */,
				BBC2D55921E376BC001ECBDE /* CountriesDataSource.swift in Sources */,
				BB71CF3221E2381200188EF6 /* RequestConstructorImplementation.swift in Sources */,
				BBDFAFBC21F11AD700CAA814 /* NetworkOperations.swift in Sources */,
				BB71CF2921E22D2800188EF6 /* DownloadCurrencies.swift in Sources */,
				BB71CF2B21E22D5A00188EF6 /* DownloadCurrenciesImplementation.swift in Sources */,
				BBDFAFC021F380F700CAA814 /* DataSource.swift in Sources */,
				BB365A5021E1365B00152F04 /* NetworkClient.swift in Sources */,
			);
			runOnlyForDeploymentPostprocessing = 0;
		};
		BB365A3021E0FDE000152F04 /* Sources */ = {
			isa = PBXSourcesBuildPhase;
			buildActionMask = 2147483647;
			files = (
				BB365A3921E0FDE000152F04 /* RevolutTestTests.swift in Sources */,
			);
			runOnlyForDeploymentPostprocessing = 0;
		};
/* End PBXSourcesBuildPhase section */

/* Begin PBXTargetDependency section */
		BB365A3621E0FDE000152F04 /* PBXTargetDependency */ = {
			isa = PBXTargetDependency;
			target = BB365A1F21E0FDDD00152F04 /* RevolutTest */;
			targetProxy = BB365A3521E0FDE000152F04 /* PBXContainerItemProxy */;
		};
/* End PBXTargetDependency section */

/* Begin PBXVariantGroup section */
		BB365A2C21E0FDE000152F04 /* LaunchScreen.storyboard */ = {
			isa = PBXVariantGroup;
			children = (
				BB365A2D21E0FDE000152F04 /* Base */,
			);
			name = LaunchScreen.storyboard;
			sourceTree = "<group>";
		};
/* End PBXVariantGroup section */

/* Begin XCBuildConfiguration section */
		BB365A3B21E0FDE000152F04 /* Debug */ = {
			isa = XCBuildConfiguration;
			buildSettings = {
				ALWAYS_SEARCH_USER_PATHS = NO;
				CLANG_ANALYZER_NONNULL = YES;
				CLANG_ANALYZER_NUMBER_OBJECT_CONVERSION = YES_AGGRESSIVE;
				CLANG_CXX_LANGUAGE_STANDARD = "gnu++14";
				CLANG_CXX_LIBRARY = "libc++";
				CLANG_ENABLE_MODULES = YES;
				CLANG_ENABLE_OBJC_ARC = YES;
				CLANG_ENABLE_OBJC_WEAK = YES;
				CLANG_WARN_BLOCK_CAPTURE_AUTORELEASING = YES;
				CLANG_WARN_BOOL_CONVERSION = YES;
				CLANG_WARN_COMMA = YES;
				CLANG_WARN_CONSTANT_CONVERSION = YES;
				CLANG_WARN_DEPRECATED_OBJC_IMPLEMENTATIONS = YES;
				CLANG_WARN_DIRECT_OBJC_ISA_USAGE = YES_ERROR;
				CLANG_WARN_DOCUMENTATION_COMMENTS = YES;
				CLANG_WARN_EMPTY_BODY = YES;
				CLANG_WARN_ENUM_CONVERSION = YES;
				CLANG_WARN_INFINITE_RECURSION = YES;
				CLANG_WARN_INT_CONVERSION = YES;
				CLANG_WARN_NON_LITERAL_NULL_CONVERSION = YES;
				CLANG_WARN_OBJC_IMPLICIT_RETAIN_SELF = YES;
				CLANG_WARN_OBJC_LITERAL_CONVERSION = YES;
				CLANG_WARN_OBJC_ROOT_CLASS = YES_ERROR;
				CLANG_WARN_RANGE_LOOP_ANALYSIS = YES;
				CLANG_WARN_STRICT_PROTOTYPES = YES;
				CLANG_WARN_SUSPICIOUS_MOVE = YES;
				CLANG_WARN_UNGUARDED_AVAILABILITY = YES_AGGRESSIVE;
				CLANG_WARN_UNREACHABLE_CODE = YES;
				CLANG_WARN__DUPLICATE_METHOD_MATCH = YES;
				CODE_SIGN_IDENTITY = "iPhone Developer";
				COPY_PHASE_STRIP = NO;
				DEBUG_INFORMATION_FORMAT = dwarf;
				ENABLE_STRICT_OBJC_MSGSEND = YES;
				ENABLE_TESTABILITY = YES;
				GCC_C_LANGUAGE_STANDARD = gnu11;
				GCC_DYNAMIC_NO_PIC = NO;
				GCC_NO_COMMON_BLOCKS = YES;
				GCC_OPTIMIZATION_LEVEL = 0;
				GCC_PREPROCESSOR_DEFINITIONS = (
					"DEBUG=1",
					"$(inherited)",
				);
				GCC_WARN_64_TO_32_BIT_CONVERSION = YES;
				GCC_WARN_ABOUT_RETURN_TYPE = YES_ERROR;
				GCC_WARN_UNDECLARED_SELECTOR = YES;
				GCC_WARN_UNINITIALIZED_AUTOS = YES_AGGRESSIVE;
				GCC_WARN_UNUSED_FUNCTION = YES;
				GCC_WARN_UNUSED_VARIABLE = YES;
				IPHONEOS_DEPLOYMENT_TARGET = 12.1;
				MTL_ENABLE_DEBUG_INFO = INCLUDE_SOURCE;
				MTL_FAST_MATH = YES;
				ONLY_ACTIVE_ARCH = YES;
				SDKROOT = iphoneos;
				SWIFT_ACTIVE_COMPILATION_CONDITIONS = DEBUG;
				SWIFT_OPTIMIZATION_LEVEL = "-Onone";
			};
			name = Debug;
		};
		BB365A3C21E0FDE000152F04 /* Release */ = {
			isa = XCBuildConfiguration;
			buildSettings = {
				ALWAYS_SEARCH_USER_PATHS = NO;
				CLANG_ANALYZER_NONNULL = YES;
				CLANG_ANALYZER_NUMBER_OBJECT_CONVERSION = YES_AGGRESSIVE;
				CLANG_CXX_LANGUAGE_STANDARD = "gnu++14";
				CLANG_CXX_LIBRARY = "libc++";
				CLANG_ENABLE_MODULES = YES;
				CLANG_ENABLE_OBJC_ARC = YES;
				CLANG_ENABLE_OBJC_WEAK = YES;
				CLANG_WARN_BLOCK_CAPTURE_AUTORELEASING = YES;
				CLANG_WARN_BOOL_CONVERSION = YES;
				CLANG_WARN_COMMA = YES;
				CLANG_WARN_CONSTANT_CONVERSION = YES;
				CLANG_WARN_DEPRECATED_OBJC_IMPLEMENTATIONS = YES;
				CLANG_WARN_DIRECT_OBJC_ISA_USAGE = YES_ERROR;
				CLANG_WARN_DOCUMENTATION_COMMENTS = YES;
				CLANG_WARN_EMPTY_BODY = YES;
				CLANG_WARN_ENUM_CONVERSION = YES;
				CLANG_WARN_INFINITE_RECURSION = YES;
				CLANG_WARN_INT_CONVERSION = YES;
				CLANG_WARN_NON_LITERAL_NULL_CONVERSION = YES;
				CLANG_WARN_OBJC_IMPLICIT_RETAIN_SELF = YES;
				CLANG_WARN_OBJC_LITERAL_CONVERSION = YES;
				CLANG_WARN_OBJC_ROOT_CLASS = YES_ERROR;
				CLANG_WARN_RANGE_LOOP_ANALYSIS = YES;
				CLANG_WARN_STRICT_PROTOTYPES = YES;
				CLANG_WARN_SUSPICIOUS_MOVE = YES;
				CLANG_WARN_UNGUARDED_AVAILABILITY = YES_AGGRESSIVE;
				CLANG_WARN_UNREACHABLE_CODE = YES;
				CLANG_WARN__DUPLICATE_METHOD_MATCH = YES;
				CODE_SIGN_IDENTITY = "iPhone Developer";
				COPY_PHASE_STRIP = NO;
				DEBUG_INFORMATION_FORMAT = "dwarf-with-dsym";
				ENABLE_NS_ASSERTIONS = NO;
				ENABLE_STRICT_OBJC_MSGSEND = YES;
				GCC_C_LANGUAGE_STANDARD = gnu11;
				GCC_NO_COMMON_BLOCKS = YES;
				GCC_WARN_64_TO_32_BIT_CONVERSION = YES;
				GCC_WARN_ABOUT_RETURN_TYPE = YES_ERROR;
				GCC_WARN_UNDECLARED_SELECTOR = YES;
				GCC_WARN_UNINITIALIZED_AUTOS = YES_AGGRESSIVE;
				GCC_WARN_UNUSED_FUNCTION = YES;
				GCC_WARN_UNUSED_VARIABLE = YES;
				IPHONEOS_DEPLOYMENT_TARGET = 12.1;
				MTL_ENABLE_DEBUG_INFO = NO;
				MTL_FAST_MATH = YES;
				SDKROOT = iphoneos;
				SWIFT_COMPILATION_MODE = wholemodule;
				SWIFT_OPTIMIZATION_LEVEL = "-O";
				VALIDATE_PRODUCT = YES;
			};
			name = Release;
		};
		BB365A3E21E0FDE000152F04 /* Debug */ = {
			isa = XCBuildConfiguration;
			baseConfigurationReference = 45B8CBDB6372D340C99044F4 /* Pods-RevolutTest.debug.xcconfig */;
			buildSettings = {
				ASSETCATALOG_COMPILER_APPICON_NAME = AppIcon;
				CODE_SIGN_STYLE = Automatic;
				DEVELOPMENT_TEAM = KJ28DR5WWZ;
				INFOPLIST_FILE = RevolutTest/Recources/Info.plist;
				LD_RUNPATH_SEARCH_PATHS = (
					"$(inherited)",
					"@executable_path/Frameworks",
				);
				PRODUCT_BUNDLE_IDENTIFIER = G.F.Oberemkov.RevolutTest;
				PRODUCT_NAME = "$(TARGET_NAME)";
				SWIFT_VERSION = 4.2;
				TARGETED_DEVICE_FAMILY = "1,2";
			};
			name = Debug;
		};
		BB365A3F21E0FDE000152F04 /* Release */ = {
			isa = XCBuildConfiguration;
			baseConfigurationReference = 06249B37E4E119E6324ED3B1 /* Pods-RevolutTest.release.xcconfig */;
			buildSettings = {
				ASSETCATALOG_COMPILER_APPICON_NAME = AppIcon;
				CODE_SIGN_STYLE = Automatic;
				DEVELOPMENT_TEAM = KJ28DR5WWZ;
				INFOPLIST_FILE = RevolutTest/Recources/Info.plist;
				LD_RUNPATH_SEARCH_PATHS = (
					"$(inherited)",
					"@executable_path/Frameworks",
				);
				PRODUCT_BUNDLE_IDENTIFIER = G.F.Oberemkov.RevolutTest;
				PRODUCT_NAME = "$(TARGET_NAME)";
				SWIFT_VERSION = 4.2;
				TARGETED_DEVICE_FAMILY = "1,2";
			};
			name = Release;
		};
		BB365A4121E0FDE000152F04 /* Debug */ = {
			isa = XCBuildConfiguration;
			baseConfigurationReference = 703E3C7858DFEFDECC4DA144 /* Pods-RevolutTestTests.debug.xcconfig */;
			buildSettings = {
				ALWAYS_EMBED_SWIFT_STANDARD_LIBRARIES = YES;
				BUNDLE_LOADER = "$(TEST_HOST)";
				CODE_SIGN_STYLE = Automatic;
				DEVELOPMENT_TEAM = KJ28DR5WWZ;
				INFOPLIST_FILE = RevolutTestTests/Info.plist;
				LD_RUNPATH_SEARCH_PATHS = (
					"$(inherited)",
					"@executable_path/Frameworks",
					"@loader_path/Frameworks",
				);
				PRODUCT_BUNDLE_IDENTIFIER = G.F.Oberemkov.RevolutTestTests;
				PRODUCT_NAME = "$(TARGET_NAME)";
				SWIFT_VERSION = 4.2;
				TARGETED_DEVICE_FAMILY = "1,2";
				TEST_HOST = "$(BUILT_PRODUCTS_DIR)/RevolutTest.app/RevolutTest";
			};
			name = Debug;
		};
		BB365A4221E0FDE000152F04 /* Release */ = {
			isa = XCBuildConfiguration;
			baseConfigurationReference = 8DCAD3D79C0E59A033443488 /* Pods-RevolutTestTests.release.xcconfig */;
			buildSettings = {
				ALWAYS_EMBED_SWIFT_STANDARD_LIBRARIES = YES;
				BUNDLE_LOADER = "$(TEST_HOST)";
				CODE_SIGN_STYLE = Automatic;
				DEVELOPMENT_TEAM = KJ28DR5WWZ;
				INFOPLIST_FILE = RevolutTestTests/Info.plist;
				LD_RUNPATH_SEARCH_PATHS = (
					"$(inherited)",
					"@executable_path/Frameworks",
					"@loader_path/Frameworks",
				);
				PRODUCT_BUNDLE_IDENTIFIER = G.F.Oberemkov.RevolutTestTests;
				PRODUCT_NAME = "$(TARGET_NAME)";
				SWIFT_VERSION = 4.2;
				TARGETED_DEVICE_FAMILY = "1,2";
				TEST_HOST = "$(BUILT_PRODUCTS_DIR)/RevolutTest.app/RevolutTest";
			};
			name = Release;
		};
/* End XCBuildConfiguration section */

/* Begin XCConfigurationList section */
		BB365A1B21E0FDDD00152F04 /* Build configuration list for PBXProject "RevolutTest" */ = {
			isa = XCConfigurationList;
			buildConfigurations = (
				BB365A3B21E0FDE000152F04 /* Debug */,
				BB365A3C21E0FDE000152F04 /* Release */,
			);
			defaultConfigurationIsVisible = 0;
			defaultConfigurationName = Release;
		};
		BB365A3D21E0FDE000152F04 /* Build configuration list for PBXNativeTarget "RevolutTest" */ = {
			isa = XCConfigurationList;
			buildConfigurations = (
				BB365A3E21E0FDE000152F04 /* Debug */,
				BB365A3F21E0FDE000152F04 /* Release */,
			);
			defaultConfigurationIsVisible = 0;
			defaultConfigurationName = Release;
		};
		BB365A4021E0FDE000152F04 /* Build configuration list for PBXNativeTarget "RevolutTestTests" */ = {
			isa = XCConfigurationList;
			buildConfigurations = (
				BB365A4121E0FDE000152F04 /* Debug */,
				BB365A4221E0FDE000152F04 /* Release */,
			);
			defaultConfigurationIsVisible = 0;
			defaultConfigurationName = Release;
		};
/* End XCConfigurationList section */
	};
	rootObject = BB365A1821E0FDDD00152F04 /* Project object */;
}
