// !$*UTF8*$!
{
	archiveVersion = 1;
	classes = {
	};
	objectVersion = 50;
	objects = {

/* Begin PBXBuildFile section */
		BB365A2421E0FDDD00152F04 /* AppDelegate.swift in Sources */ = {isa = PBXBuildFile; fileRef = BB365A2321E0FDDD00152F04 /* AppDelegate.swift */; };
		BB365A2621E0FDDD00152F04 /* ViewController.swift in Sources */ = {isa = PBXBuildFile; fileRef = BB365A2521E0FDDD00152F04 /* ViewController.swift */; };
		BB365A2921E0FDDD00152F04 /* Main.storyboard in Resources */ = {isa = PBXBuildFile; fileRef = BB365A2721E0FDDD00152F04 /* Main.storyboard */; };
		BB365A2B21E0FDE000152F04 /* Assets.xcassets in Resources */ = {isa = PBXBuildFile; fileRef = BB365A2A21E0FDE000152F04 /* Assets.xcassets */; };
		BB365A2E21E0FDE000152F04 /* LaunchScreen.storyboard in Resources */ = {isa = PBXBuildFile; fileRef = BB365A2C21E0FDE000152F04 /* LaunchScreen.storyboard */; };
		BB365A3921E0FDE000152F04 /* RevolutTestTests.swift in Sources */ = {isa = PBXBuildFile; fileRef = BB365A3821E0FDE000152F04 /* RevolutTestTests.swift */; };
/* End PBXBuildFile section */

/* Begin PBXContainerItemProxy section */
		BB365A3521E0FDE000152F04 /* PBXContainerItemProxy */ = {
			isa = PBXContainerItemProxy;
			containerPortal = BB365A1821E0FDDD00152F04 /* Project object */;
			proxyType = 1;
			remoteGlobalIDString = BB365A1F21E0FDDD00152F04;
			remoteInfo = RevolutTest;
		};
/* End PBXContainerItemProxy section */

/* Begin PBXFileReference section */
		BB365A2021E0FDDD00152F04 /* RevolutTest.app */ = {isa = PBXFileReference; explicitFileType = wrapper.application; includeInIndex = 0; path = RevolutTest.app; sourceTree = BUILT_PRODUCTS_DIR; };
		BB365A2321E0FDDD00152F04 /* AppDelegate.swift */ = {isa = PBXFileReference; lastKnownFileType = sourcecode.swift; path = AppDelegate.swift; sourceTree = "<group>"; };
		BB365A2521E0FDDD00152F04 /* ViewController.swift */ = {isa = PBXFileReference; lastKnownFileType = sourcecode.swift; path = ViewController.swift; sourceTree = "<group>"; };
		BB365A2821E0FDDD00152F04 /* Base */ = {isa = PBXFileReference; lastKnownFileType = file.storyboard; name = Base; path = Base.lproj/Main.storyboard; sourceTree = "<group>"; };
		BB365A2A21E0FDE000152F04 /* Assets.xcassets */ = {isa = PBXFileReference; lastKnownFileType = folder.assetcatalog; path = Assets.xcassets; sourceTree = "<group>"; };
		BB365A2D21E0FDE000152F04 /* Base */ = {isa = PBXFileReference; lastKnownFileType = file.storyboard; name = Base; path = Base.lproj/LaunchScreen.storyboard; sourceTree = "<group>"; };
		BB365A2F21E0FDE000152F04 /* Info.plist */ = {isa = PBXFileReference; lastKnownFileType = text.plist.xml; path = Info.plist; sourceTree = "<group>"; };
		BB365A3421E0FDE000152F04 /* RevolutTestTests.xctest */ = {isa = PBXFileReference; explicitFileType = wrapper.cfbundle; includeInIndex = 0; path = RevolutTestTests.xctest; sourceTree = BUILT_PRODUCTS_DIR; };
		BB365A3821E0FDE000152F04 /* RevolutTestTests.swift */ = {isa = PBXFileReference; lastKnownFileType = sourcecode.swift; path = RevolutTestTests.swift; sourceTree = "<group>"; };
		BB365A3A21E0FDE000152F04 /* Info.plist */ = {isa = PBXFileReference; lastKnownFileType = text.plist.xml; path = Info.plist; sourceTree = "<group>"; };
/* End PBXFileReference section */

/* Begin PBXFrameworksBuildPhase section */
		BB365A1D21E0FDDD00152F04 /* Frameworks */ = {
			isa = PBXFrameworksBuildPhase;
			buildActionMask = 2147483647;
			files = (
			);
			runOnlyForDeploymentPostprocessing = 0;
		};
		BB365A3121E0FDE000152F04 /* Frameworks */ = {
			isa = PBXFrameworksBuildPhase;
			buildActionMask = 2147483647;
			files = (
			);
			runOnlyForDeploymentPostprocessing = 0;
		};
/* End PBXFrameworksBuildPhase section */

/* Begin PBXGroup section */
		BB365A1721E0FDDD00152F04 = {
			isa = PBXGroup;
			children = (
				BB365A2221E0FDDD00152F04 /* RevolutTest */,
				BB365A3721E0FDE000152F04 /* RevolutTestTests */,
				BB365A2121E0FDDD00152F04 /* Products */,
			);
			sourceTree = "<group>";
		};
		BB365A2121E0FDDD00152F04 /* Products */ = {
			isa = PBXGroup;
			children = (
				BB365A2021E0FDDD00152F04 /* RevolutTest.app */,
				BB365A3421E0FDE000152F04 /* RevolutTestTests.xctest */,
			);
			name = Products;
			sourceTree = "<group>";
		};
		BB365A2221E0FDDD00152F04 /* RevolutTest */ = {
			isa = PBXGroup;
			children = (
				BB365A2321E0FDDD00152F04 /* AppDelegate.swift */,
				BB365A2521E0FDDD00152F04 /* ViewController.swift */,
				BB365A2721E0FDDD00152F04 /* Main.storyboard */,
				BB365A2A21E0FDE000152F04 /* Assets.xcassets */,
				BB365A2C21E0FDE000152F04 /* LaunchScreen.storyboard */,
				BB365A2F21E0FDE000152F04 /* Info.plist */,
			);
			path = RevolutTest;
			sourceTree = "<group>";
		};
		BB365A3721E0FDE000152F04 /* RevolutTestTests */ = {
			isa = PBXGroup;
			children = (
				BB365A3821E0FDE000152F04 /* RevolutTestTests.swift */,
				BB365A3A21E0FDE000152F04 /* Info.plist */,
			);
			path = RevolutTestTests;
			sourceTree = "<group>";
		};
/* End PBXGroup section */

/* Begin PBXNativeTarget section */
		BB365A1F21E0FDDD00152F04 /* RevolutTest */ = {
			isa = PBXNativeTarget;
			buildConfigurationList = BB365A3D21E0FDE000152F04 /* Build configuration list for PBXNativeTarget "RevolutTest" */;
			buildPhases = (
				BB365A1C21E0FDDD00152F04 /* Sources */,
				BB365A1D21E0FDDD00152F04 /* Frameworks */,
				BB365A1E21E0FDDD00152F04 /* Resources */,
			);
			buildRules = (
			);
			dependencies = (
			);
			name = RevolutTest;
			productName = RevolutTest;
			productReference = BB365A2021E0FDDD00152F04 /* RevolutTest.app */;
			productType = "com.apple.product-type.application";
		};
		BB365A3321E0FDE000152F04 /* RevolutTestTests */ = {
			isa = PBXNativeTarget;
			buildConfigurationList = BB365A4021E0FDE000152F04 /* Build configuration list for PBXNativeTarget "RevolutTestTests" */;
			buildPhases = (
				BB365A3021E0FDE000152F04 /* Sources */,
				BB365A3121E0FDE000152F04 /* Frameworks */,
				BB365A3221E0FDE000152F04 /* Resources */,
			);
			buildRules = (
			);
			dependencies = (
				BB365A3621E0FDE000152F04 /* PBXTargetDependency */,
			);
			name = RevolutTestTests;
			productName = RevolutTestTests;
			productReference = BB365A3421E0FDE000152F04 /* RevolutTestTests.xctest */;
			productType = "com.apple.product-type.bundle.unit-test";
		};
/* End PBXNativeTarget section */

/* Begin PBXProject section */
		BB365A1821E0FDDD00152F04 /* Project object */ = {
			isa = PBXProject;
			attributes = {
				LastSwiftUpdateCheck = 1010;
				LastUpgradeCheck = 1010;
				ORGANIZATIONNAME = "Gregory Oberemkov";
				TargetAttributes = {
					BB365A1F21E0FDDD00152F04 = {
						CreatedOnToolsVersion = 10.1;
					};
					BB365A3321E0FDE000152F04 = {
						CreatedOnToolsVersion = 10.1;
						TestTargetID = BB365A1F21E0FDDD00152F04;
					};
				};
			};
			buildConfigurationList = BB365A1B21E0FDDD00152F04 /* Build configuration list for PBXProject "RevolutTest" */;
			compatibilityVersion = "Xcode 9.3";
			developmentRegion = en;
			hasScannedForEncodings = 0;
			knownRegions = (
				en,
				Base,
			);
			mainGroup = BB365A1721E0FDDD00152F04;
			productRefGroup = BB365A2121E0FDDD00152F04 /* Products */;
			projectDirPath = "";
			projectRoot = "";
			targets = (
				BB365A1F21E0FDDD00152F04 /* RevolutTest */,
				BB365A3321E0FDE000152F04 /* RevolutTestTests */,
			);
		};
/* End PBXProject section */

/* Begin PBXResourcesBuildPhase section */
		BB365A1E21E0FDDD00152F04 /* Resources */ = {
			isa = PBXResourcesBuildPhase;
			buildActionMask = 2147483647;
			files = (
				BB365A2E21E0FDE000152F04 /* LaunchScreen.storyboard in Resources */,
				BB365A2B21E0FDE000152F04 /* Assets.xcassets in Resources */,
				BB365A2921E0FDDD00152F04 /* Main.storyboard in Resources */,
			);
			runOnlyForDeploymentPostprocessing = 0;
		};
		BB365A3221E0FDE000152F04 /* Resources */ = {
			isa = PBXResourcesBuildPhase;
			buildActionMask = 2147483647;
			files = (
			);
			runOnlyForDeploymentPostprocessing = 0;
		};
/* End PBXResourcesBuildPhase section */

/* Begin PBXSourcesBuildPhase section */
		BB365A1C21E0FDDD00152F04 /* Sources */ = {
			isa = PBXSourcesBuildPhase;
			buildActionMask = 2147483647;
			files = (
				BB365A2621E0FDDD00152F04 /* ViewController.swift in Sources */,
				BB365A2421E0FDDD00152F04 /* AppDelegate.swift in Sources */,
			);
			runOnlyForDeploymentPostprocessing = 0;
		};
		BB365A3021E0FDE000152F04 /* Sources */ = {
			isa = PBXSourcesBuildPhase;
			buildActionMask = 2147483647;
			files = (
				BB365A3921E0FDE000152F04 /* RevolutTestTests.swift in Sources */,
			);
			runOnlyForDeploymentPostprocessing = 0;
		};
/* End PBXSourcesBuildPhase section */

/* Begin PBXTargetDependency section */
		BB365A3621E0FDE000152F04 /* PBXTargetDependency */ = {
			isa = PBXTargetDependency;
			target = BB365A1F21E0FDDD00152F04 /* RevolutTest */;
			targetProxy = BB365A3521E0FDE000152F04 /* PBXContainerItemProxy */;
		};
/* End PBXTargetDependency section */

/* Begin PBXVariantGroup section */
		BB365A2721E0FDDD00152F04 /* Main.storyboard */ = {
			isa = PBXVariantGroup;
			children = (
				BB365A2821E0FDDD00152F04 /* Base */,
			);
			name = Main.storyboard;
			sourceTree = "<group>";
		};
		BB365A2C21E0FDE000152F04 /* LaunchScreen.storyboard */ = {
			isa = PBXVariantGroup;
			children = (
				BB365A2D21E0FDE000152F04 /* Base */,
			);
			name = LaunchScreen.storyboard;
			sourceTree = "<group>";
		};
/* End PBXVariantGroup section */

/* Begin XCBuildConfiguration section */
		BB365A3B21E0FDE000152F04 /* Debug */ = {
			isa = XCBuildConfiguration;
			buildSettings = {
				ALWAYS_SEARCH_USER_PATHS = NO;
				CLANG_ANALYZER_NONNULL = YES;
				CLANG_ANALYZER_NUMBER_OBJECT_CONVERSION = YES_AGGRESSIVE;
				CLANG_CXX_LANGUAGE_STANDARD = "gnu++14";
				CLANG_CXX_LIBRARY = "libc++";
				CLANG_ENABLE_MODULES = YES;
				CLANG_ENABLE_OBJC_ARC = YES;
				CLANG_ENABLE_OBJC_WEAK = YES;
				CLANG_WARN_BLOCK_CAPTURE_AUTORELEASING = YES;
				CLANG_WARN_BOOL_CONVERSION = YES;
				CLANG_WARN_COMMA = YES;
				CLANG_WARN_CONSTANT_CONVERSION = YES;
				CLANG_WARN_DEPRECATED_OBJC_IMPLEMENTATIONS = YES;
				CLANG_WARN_DIRECT_OBJC_ISA_USAGE = YES_ERROR;
				CLANG_WARN_DOCUMENTATION_COMMENTS = YES;
				CLANG_WARN_EMPTY_BODY = YES;
				CLANG_WARN_ENUM_CONVERSION = YES;
				CLANG_WARN_INFINITE_RECURSION = YES;
				CLANG_WARN_INT_CONVERSION = YES;
				CLANG_WARN_NON_LITERAL_NULL_CONVERSION = YES;
				CLANG_WARN_OBJC_IMPLICIT_RETAIN_SELF = YES;
				CLANG_WARN_OBJC_LITERAL_CONVERSION = YES;
				CLANG_WARN_OBJC_ROOT_CLASS = YES_ERROR;
				CLANG_WARN_RANGE_LOOP_ANALYSIS = YES;
				CLANG_WARN_STRICT_PROTOTYPES = YES;
				CLANG_WARN_SUSPICIOUS_MOVE = YES;
				CLANG_WARN_UNGUARDED_AVAILABILITY = YES_AGGRESSIVE;
				CLANG_WARN_UNREACHABLE_CODE = YES;
				CLANG_WARN__DUPLICATE_METHOD_MATCH = YES;
				CODE_SIGN_IDENTITY = "iPhone Developer";
				COPY_PHASE_STRIP = NO;
				DEBUG_INFORMATION_FORMAT = dwarf;
				ENABLE_STRICT_OBJC_MSGSEND = YES;
				ENABLE_TESTABILITY = YES;
				GCC_C_LANGUAGE_STANDARD = gnu11;
				GCC_DYNAMIC_NO_PIC = NO;
				GCC_NO_COMMON_BLOCKS = YES;
				GCC_OPTIMIZATION_LEVEL = 0;
				GCC_PREPROCESSOR_DEFINITIONS = (
					"DEBUG=1",
					"$(inherited)",
				);
				GCC_WARN_64_TO_32_BIT_CONVERSION = YES;
				GCC_WARN_ABOUT_RETURN_TYPE = YES_ERROR;
				GCC_WARN_UNDECLARED_SELECTOR = YES;
				GCC_WARN_UNINITIALIZED_AUTOS = YES_AGGRESSIVE;
				GCC_WARN_UNUSED_FUNCTION = YES;
				GCC_WARN_UNUSED_VARIABLE = YES;
				IPHONEOS_DEPLOYMENT_TARGET = 12.1;
				MTL_ENABLE_DEBUG_INFO = INCLUDE_SOURCE;
				MTL_FAST_MATH = YES;
				ONLY_ACTIVE_ARCH = YES;
				SDKROOT = iphoneos;
				SWIFT_ACTIVE_COMPILATION_CONDITIONS = DEBUG;
				SWIFT_OPTIMIZATION_LEVEL = "-Onone";
			};
			name = Debug;
		};
		BB365A3C21E0FDE000152F04 /* Release */ = {
			isa = XCBuildConfiguration;
			buildSettings = {
				ALWAYS_SEARCH_USER_PATHS = NO;
				CLANG_ANALYZER_NONNULL = YES;
				CLANG_ANALYZER_NUMBER_OBJECT_CONVERSION = YES_AGGRESSIVE;
				CLANG_CXX_LANGUAGE_STANDARD = "gnu++14";
				CLANG_CXX_LIBRARY = "libc++";
				CLANG_ENABLE_MODULES = YES;
				CLANG_ENABLE_OBJC_ARC = YES;
				CLANG_ENABLE_OBJC_WEAK = YES;
				CLANG_WARN_BLOCK_CAPTURE_AUTORELEASING = YES;
				CLANG_WARN_BOOL_CONVERSION = YES;
				CLANG_WARN_COMMA = YES;
				CLANG_WARN_CONSTANT_CONVERSION = YES;
				CLANG_WARN_DEPRECATED_OBJC_IMPLEMENTATIONS = YES;
				CLANG_WARN_DIRECT_OBJC_ISA_USAGE = YES_ERROR;
				CLANG_WARN_DOCUMENTATION_COMMENTS = YES;
				CLANG_WARN_EMPTY_BODY = YES;
				CLANG_WARN_ENUM_CONVERSION = YES;
				CLANG_WARN_INFINITE_RECURSION = YES;
				CLANG_WARN_INT_CONVERSION = YES;
				CLANG_WARN_NON_LITERAL_NULL_CONVERSION = YES;
				CLANG_WARN_OBJC_IMPLICIT_RETAIN_SELF = YES;
				CLANG_WARN_OBJC_LITERAL_CONVERSION = YES;
				CLANG_WARN_OBJC_ROOT_CLASS = YES_ERROR;
				CLANG_WARN_RANGE_LOOP_ANALYSIS = YES;
				CLANG_WARN_STRICT_PROTOTYPES = YES;
				CLANG_WARN_SUSPICIOUS_MOVE = YES;
				CLANG_WARN_UNGUARDED_AVAILABILITY = YES_AGGRESSIVE;
				CLANG_WARN_UNREACHABLE_CODE = YES;
				CLANG_WARN__DUPLICATE_METHOD_MATCH = YES;
				CODE_SIGN_IDENTITY = "iPhone Developer";
				COPY_PHASE_STRIP = NO;
				DEBUG_INFORMATION_FORMAT = "dwarf-with-dsym";
				ENABLE_NS_ASSERTIONS = NO;
				ENABLE_STRICT_OBJC_MSGSEND = YES;
				GCC_C_LANGUAGE_STANDARD = gnu11;
				GCC_NO_COMMON_BLOCKS = YES;
				GCC_WARN_64_TO_32_BIT_CONVERSION = YES;
				GCC_WARN_ABOUT_RETURN_TYPE = YES_ERROR;
				GCC_WARN_UNDECLARED_SELECTOR = YES;
				GCC_WARN_UNINITIALIZED_AUTOS = YES_AGGRESSIVE;
				GCC_WARN_UNUSED_FUNCTION = YES;
				GCC_WARN_UNUSED_VARIABLE = YES;
				IPHONEOS_DEPLOYMENT_TARGET = 12.1;
				MTL_ENABLE_DEBUG_INFO = NO;
				MTL_FAST_MATH = YES;
				SDKROOT = iphoneos;
				SWIFT_COMPILATION_MODE = wholemodule;
				SWIFT_OPTIMIZATION_LEVEL = "-O";
				VALIDATE_PRODUCT = YES;
			};
			name = Release;
		};
		BB365A3E21E0FDE000152F04 /* Debug */ = {
			isa = XCBuildConfiguration;
			buildSettings = {
				ASSETCATALOG_COMPILER_APPICON_NAME = AppIcon;
				CODE_SIGN_STYLE = Automatic;
				DEVELOPMENT_TEAM = KJ28DR5WWZ;
				INFOPLIST_FILE = RevolutTest/Info.plist;
				LD_RUNPATH_SEARCH_PATHS = (
					"$(inherited)",
					"@executable_path/Frameworks",
				);
				PRODUCT_BUNDLE_IDENTIFIER = G.F.Oberemkov.RevolutTest;
				PRODUCT_NAME = "$(TARGET_NAME)";
				SWIFT_VERSION = 4.2;
				TARGETED_DEVICE_FAMILY = "1,2";
			};
			name = Debug;
		};
		BB365A3F21E0FDE000152F04 /* Release */ = {
			isa = XCBuildConfiguration;
			buildSettings = {
				ASSETCATALOG_COMPILER_APPICON_NAME = AppIcon;
				CODE_SIGN_STYLE = Automatic;
				DEVELOPMENT_TEAM = KJ28DR5WWZ;
				INFOPLIST_FILE = RevolutTest/Info.plist;
				LD_RUNPATH_SEARCH_PATHS = (
					"$(inherited)",
					"@executable_path/Frameworks",
				);
				PRODUCT_BUNDLE_IDENTIFIER = G.F.Oberemkov.RevolutTest;
				PRODUCT_NAME = "$(TARGET_NAME)";
				SWIFT_VERSION = 4.2;
				TARGETED_DEVICE_FAMILY = "1,2";
			};
			name = Release;
		};
		BB365A4121E0FDE000152F04 /* Debug */ = {
			isa = XCBuildConfiguration;
			buildSettings = {
				ALWAYS_EMBED_SWIFT_STANDARD_LIBRARIES = YES;
				BUNDLE_LOADER = "$(TEST_HOST)";
				CODE_SIGN_STYLE = Automatic;
				DEVELOPMENT_TEAM = KJ28DR5WWZ;
				INFOPLIST_FILE = RevolutTestTests/Info.plist;
				LD_RUNPATH_SEARCH_PATHS = (
					"$(inherited)",
					"@executable_path/Frameworks",
					"@loader_path/Frameworks",
				);
				PRODUCT_BUNDLE_IDENTIFIER = G.F.Oberemkov.RevolutTestTests;
				PRODUCT_NAME = "$(TARGET_NAME)";
				SWIFT_VERSION = 4.2;
				TARGETED_DEVICE_FAMILY = "1,2";
				TEST_HOST = "$(BUILT_PRODUCTS_DIR)/RevolutTest.app/RevolutTest";
			};
			name = Debug;
		};
		BB365A4221E0FDE000152F04 /* Release */ = {
			isa = XCBuildConfiguration;
			buildSettings = {
				ALWAYS_EMBED_SWIFT_STANDARD_LIBRARIES = YES;
				BUNDLE_LOADER = "$(TEST_HOST)";
				CODE_SIGN_STYLE = Automatic;
				DEVELOPMENT_TEAM = KJ28DR5WWZ;
				INFOPLIST_FILE = RevolutTestTests/Info.plist;
				LD_RUNPATH_SEARCH_PATHS = (
					"$(inherited)",
					"@executable_path/Frameworks",
					"@loader_path/Frameworks",
				);
				PRODUCT_BUNDLE_IDENTIFIER = G.F.Oberemkov.RevolutTestTests;
				PRODUCT_NAME = "$(TARGET_NAME)";
				SWIFT_VERSION = 4.2;
				TARGETED_DEVICE_FAMILY = "1,2";
				TEST_HOST = "$(BUILT_PRODUCTS_DIR)/RevolutTest.app/RevolutTest";
			};
			name = Release;
		};
/* End XCBuildConfiguration section */

/* Begin XCConfigurationList section */
		BB365A1B21E0FDDD00152F04 /* Build configuration list for PBXProject "RevolutTest" */ = {
			isa = XCConfigurationList;
			buildConfigurations = (
				BB365A3B21E0FDE000152F04 /* Debug */,
				BB365A3C21E0FDE000152F04 /* Release */,
			);
			defaultConfigurationIsVisible = 0;
			defaultConfigurationName = Release;
		};
		BB365A3D21E0FDE000152F04 /* Build configuration list for PBXNativeTarget "RevolutTest" */ = {
			isa = XCConfigurationList;
			buildConfigurations = (
				BB365A3E21E0FDE000152F04 /* Debug */,
				BB365A3F21E0FDE000152F04 /* Release */,
			);
			defaultConfigurationIsVisible = 0;
			defaultConfigurationName = Release;
		};
		BB365A4021E0FDE000152F04 /* Build configuration list for PBXNativeTarget "RevolutTestTests" */ = {
			isa = XCConfigurationList;
			buildConfigurations = (
				BB365A4121E0FDE000152F04 /* Debug */,
				BB365A4221E0FDE000152F04 /* Release */,
			);
			defaultConfigurationIsVisible = 0;
			defaultConfigurationName = Release;
		};
/* End XCConfigurationList section */
	};
	rootObject = BB365A1821E0FDDD00152F04 /* Project object */;
}
